
Microsoft Visual Studio Solution File, Format Version 12.00
# Visual Studio Version 17
VisualStudioVersion = 17.0.32014.148
MinimumVisualStudioVersion = 10.0.40219.1
Project("{9A19103F-16F7-4668-BE54-9A1E7A4F7556}") = "eShopSolution.WebApp", "eShopSolution.WebApp\eShopSolution.WebApp.csproj", "{FA49D88A-AD5A-4303-A256-55A5D4E0B838}"
EndProject
Project("{2150E333-8FDC-42A3-9474-1A3956D46DE8}") = "Solution Items", "Solution Items", "{87286CAD-170E-4323-8971-6AC9F2A0CE42}"
	ProjectSection(SolutionItems) = preProject
		README.md = README.md
	EndProjectSection
EndProject
Project("{FAE04EC0-301F-11D3-BF4B-00C04F79EFBC}") = "eShopSolution.Data", "eShopSolution.Data\eShopSolution.Data.csproj", "{DE1A1B91-D232-4726-A1AF-25D83F268EFD}"
EndProject
Project("{FAE04EC0-301F-11D3-BF4B-00C04F79EFBC}") = "eShopSolution.Application", "eShopSolution.Application\eShopSolution.Application.csproj", "{3C6C2232-AD06-4638-8949-B99449604A15}"
EndProject
Global
	GlobalSection(SolutionConfigurationPlatforms) = preSolution
		Debug|Any CPU = Debug|Any CPU
		Release|Any CPU = Release|Any CPU
	EndGlobalSection
	GlobalSection(ProjectConfigurationPlatforms) = postSolution
		{FA49D88A-AD5A-4303-A256-55A5D4E0B838}.Debug|Any CPU.ActiveCfg = Debug|Any CPU
		{FA49D88A-AD5A-4303-A256-55A5D4E0B838}.Debug|Any CPU.Build.0 = Debug|Any CPU
		{FA49D88A-AD5A-4303-A256-55A5D4E0B838}.Release|Any CPU.ActiveCfg = Release|Any CPU
		{FA49D88A-AD5A-4303-A256-55A5D4E0B838}.Release|Any CPU.Build.0 = Release|Any CPU
		{DE1A1B91-D232-4726-A1AF-25D83F268EFD}.Debug|Any CPU.ActiveCfg = Debug|Any CPU
		{DE1A1B91-D232-4726-A1AF-25D83F268EFD}.Debug|Any CPU.Build.0 = Debug|Any CPU
		{DE1A1B91-D232-4726-A1AF-25D83F268EFD}.Release|Any CPU.ActiveCfg = Release|Any CPU
		{DE1A1B91-D232-4726-A1AF-25D83F268EFD}.Release|Any CPU.Build.0 = Release|Any CPU
		{3C6C2232-AD06-4638-8949-B99449604A15}.Debug|Any CPU.ActiveCfg = Debug|Any CPU
		{3C6C2232-AD06-4638-8949-B99449604A15}.Debug|Any CPU.Build.0 = Debug|Any CPU
		{3C6C2232-AD06-4638-8949-B99449604A15}.Release|Any CPU.ActiveCfg = Release|Any CPU
		{3C6C2232-AD06-4638-8949-B99449604A15}.Release|Any CPU.Build.0 = Release|Any CPU
	EndGlobalSection
	GlobalSection(SolutionProperties) = preSolution
		HideSolutionNode = FALSE
	EndGlobalSection
	GlobalSection(ExtensibilityGlobals) = postSolution
		SolutionGuid = {F2D82D6C-4228-4160-BC4C-6D26D5B059E4}
	EndGlobalSection
EndGlobal
